// !$*UTF8*$!
{
	archiveVersion = 1;
	classes = {
	};
	objectVersion = 50;
	objects = {

/* Begin PBXBuildFile section */
		1273ECAD26E4F51B00EBEB73 /* AppDelegate.swift in Sources */ = {isa = PBXBuildFile; fileRef = 1273ECAC26E4F51B00EBEB73 /* AppDelegate.swift */; };
		1273ECAF26E4F51B00EBEB73 /* SceneDelegate.swift in Sources */ = {isa = PBXBuildFile; fileRef = 1273ECAE26E4F51B00EBEB73 /* SceneDelegate.swift */; };
		1273ECB126E4F51B00EBEB73 /* QRRecognitionViewController.swift in Sources */ = {isa = PBXBuildFile; fileRef = 1273ECB026E4F51B00EBEB73 /* QRRecognitionViewController.swift */; };
		1273ECB426E4F51B00EBEB73 /* Main.storyboard in Resources */ = {isa = PBXBuildFile; fileRef = 1273ECB226E4F51B00EBEB73 /* Main.storyboard */; };
		1273ECB626E4F51C00EBEB73 /* Assets.xcassets in Resources */ = {isa = PBXBuildFile; fileRef = 1273ECB526E4F51C00EBEB73 /* Assets.xcassets */; };
		1273ECB926E4F51C00EBEB73 /* LaunchScreen.storyboard in Resources */ = {isa = PBXBuildFile; fileRef = 1273ECB726E4F51C00EBEB73 /* LaunchScreen.storyboard */; };
		1273ECC426E4F51C00EBEB73 /* BookManageAppTests.swift in Sources */ = {isa = PBXBuildFile; fileRef = 1273ECC326E4F51C00EBEB73 /* BookManageAppTests.swift */; };
		1273ECCF26E4F51C00EBEB73 /* BookManageAppUITests.swift in Sources */ = {isa = PBXBuildFile; fileRef = 1273ECCE26E4F51C00EBEB73 /* BookManageAppUITests.swift */; };
/* End PBXBuildFile section */

/* Begin PBXContainerItemProxy section */
		1273ECC026E4F51C00EBEB73 /* PBXContainerItemProxy */ = {
			isa = PBXContainerItemProxy;
			containerPortal = 1273ECA126E4F51B00EBEB73 /* Project object */;
			proxyType = 1;
			remoteGlobalIDString = 1273ECA826E4F51B00EBEB73;
			remoteInfo = BookManageApp;
		};
		1273ECCB26E4F51C00EBEB73 /* PBXContainerItemProxy */ = {
			isa = PBXContainerItemProxy;
			containerPortal = 1273ECA126E4F51B00EBEB73 /* Project object */;
			proxyType = 1;
			remoteGlobalIDString = 1273ECA826E4F51B00EBEB73;
			remoteInfo = BookManageApp;
		};
/* End PBXContainerItemProxy section */

/* Begin PBXFileReference section */
		1273ECA926E4F51B00EBEB73 /* BookManageApp.app */ = {isa = PBXFileReference; explicitFileType = wrapper.application; includeInIndex = 0; path = BookManageApp.app; sourceTree = BUILT_PRODUCTS_DIR; };
		1273ECAC26E4F51B00EBEB73 /* AppDelegate.swift */ = {isa = PBXFileReference; lastKnownFileType = sourcecode.swift; path = AppDelegate.swift; sourceTree = "<group>"; };
		1273ECAE26E4F51B00EBEB73 /* SceneDelegate.swift */ = {isa = PBXFileReference; lastKnownFileType = sourcecode.swift; path = SceneDelegate.swift; sourceTree = "<group>"; };
		1273ECB026E4F51B00EBEB73 /* QRRecognitionViewController.swift */ = {isa = PBXFileReference; lastKnownFileType = sourcecode.swift; path = QRRecognitionViewController.swift; sourceTree = "<group>"; };
		1273ECB326E4F51B00EBEB73 /* Base */ = {isa = PBXFileReference; lastKnownFileType = file.storyboard; name = Base; path = Base.lproj/Main.storyboard; sourceTree = "<group>"; };
		1273ECB526E4F51C00EBEB73 /* Assets.xcassets */ = {isa = PBXFileReference; lastKnownFileType = folder.assetcatalog; path = Assets.xcassets; sourceTree = "<group>"; };
		1273ECB826E4F51C00EBEB73 /* Base */ = {isa = PBXFileReference; lastKnownFileType = file.storyboard; name = Base; path = Base.lproj/LaunchScreen.storyboard; sourceTree = "<group>"; };
		1273ECBA26E4F51C00EBEB73 /* Info.plist */ = {isa = PBXFileReference; lastKnownFileType = text.plist.xml; path = Info.plist; sourceTree = "<group>"; };
		1273ECBF26E4F51C00EBEB73 /* BookManageAppTests.xctest */ = {isa = PBXFileReference; explicitFileType = wrapper.cfbundle; includeInIndex = 0; path = BookManageAppTests.xctest; sourceTree = BUILT_PRODUCTS_DIR; };
		1273ECC326E4F51C00EBEB73 /* BookManageAppTests.swift */ = {isa = PBXFileReference; lastKnownFileType = sourcecode.swift; path = BookManageAppTests.swift; sourceTree = "<group>"; };
		1273ECC526E4F51C00EBEB73 /* Info.plist */ = {isa = PBXFileReference; lastKnownFileType = text.plist.xml; path = Info.plist; sourceTree = "<group>"; };
		1273ECCA26E4F51C00EBEB73 /* BookManageAppUITests.xctest */ = {isa = PBXFileReference; explicitFileType = wrapper.cfbundle; includeInIndex = 0; path = BookManageAppUITests.xctest; sourceTree = BUILT_PRODUCTS_DIR; };
		1273ECCE26E4F51C00EBEB73 /* BookManageAppUITests.swift */ = {isa = PBXFileReference; lastKnownFileType = sourcecode.swift; path = BookManageAppUITests.swift; sourceTree = "<group>"; };
		1273ECD026E4F51C00EBEB73 /* Info.plist */ = {isa = PBXFileReference; lastKnownFileType = text.plist.xml; path = Info.plist; sourceTree = "<group>"; };
/* End PBXFileReference section */

/* Begin PBXFrameworksBuildPhase section */
		1273ECA626E4F51B00EBEB73 /* Frameworks */ = {
			isa = PBXFrameworksBuildPhase;
			buildActionMask = 2147483647;
			files = (
			);
			runOnlyForDeploymentPostprocessing = 0;
		};
		1273ECBC26E4F51C00EBEB73 /* Frameworks */ = {
			isa = PBXFrameworksBuildPhase;
			buildActionMask = 2147483647;
			files = (
			);
			runOnlyForDeploymentPostprocessing = 0;
		};
		1273ECC726E4F51C00EBEB73 /* Frameworks */ = {
			isa = PBXFrameworksBuildPhase;
			buildActionMask = 2147483647;
			files = (
			);
			runOnlyForDeploymentPostprocessing = 0;
		};
/* End PBXFrameworksBuildPhase section */

/* Begin PBXGroup section */
		1273ECA026E4F51B00EBEB73 = {
			isa = PBXGroup;
			children = (
				1273ECAB26E4F51B00EBEB73 /* BookManageApp */,
				1273ECC226E4F51C00EBEB73 /* BookManageAppTests */,
				1273ECCD26E4F51C00EBEB73 /* BookManageAppUITests */,
				1273ECAA26E4F51B00EBEB73 /* Products */,
			);
			sourceTree = "<group>";
		};
		1273ECAA26E4F51B00EBEB73 /* Products */ = {
			isa = PBXGroup;
			children = (
				1273ECA926E4F51B00EBEB73 /* BookManageApp.app */,
				1273ECBF26E4F51C00EBEB73 /* BookManageAppTests.xctest */,
				1273ECCA26E4F51C00EBEB73 /* BookManageAppUITests.xctest */,
			);
			name = Products;
			sourceTree = "<group>";
		};
		1273ECAB26E4F51B00EBEB73 /* BookManageApp */ = {
			isa = PBXGroup;
			children = (
				1273ECAC26E4F51B00EBEB73 /* AppDelegate.swift */,
				1273ECAE26E4F51B00EBEB73 /* SceneDelegate.swift */,
				1273ECB026E4F51B00EBEB73 /* QRRecognitionViewController.swift */,
				1273ECB226E4F51B00EBEB73 /* Main.storyboard */,
				1273ECB526E4F51C00EBEB73 /* Assets.xcassets */,
				1273ECB726E4F51C00EBEB73 /* LaunchScreen.storyboard */,
				1273ECBA26E4F51C00EBEB73 /* Info.plist */,
			);
			path = BookManageApp;
			sourceTree = "<group>";
		};
		1273ECC226E4F51C00EBEB73 /* BookManageAppTests */ = {
			isa = PBXGroup;
			children = (
				1273ECC326E4F51C00EBEB73 /* BookManageAppTests.swift */,
				1273ECC526E4F51C00EBEB73 /* Info.plist */,
			);
			path = BookManageAppTests;
			sourceTree = "<group>";
		};
		1273ECCD26E4F51C00EBEB73 /* BookManageAppUITests */ = {
			isa = PBXGroup;
			children = (
				1273ECCE26E4F51C00EBEB73 /* BookManageAppUITests.swift */,
				1273ECD026E4F51C00EBEB73 /* Info.plist */,
			);
			path = BookManageAppUITests;
			sourceTree = "<group>";
		};
/* End PBXGroup section */

/* Begin PBXNativeTarget section */
		1273ECA826E4F51B00EBEB73 /* BookManageApp */ = {
			isa = PBXNativeTarget;
			buildConfigurationList = 1273ECD326E4F51C00EBEB73 /* Build configuration list for PBXNativeTarget "BookManageApp" */;
			buildPhases = (
				1273ECA526E4F51B00EBEB73 /* Sources */,
				1273ECA626E4F51B00EBEB73 /* Frameworks */,
				1273ECA726E4F51B00EBEB73 /* Resources */,
			);
			buildRules = (
			);
			dependencies = (
			);
			name = BookManageApp;
			productName = BookManageApp;
			productReference = 1273ECA926E4F51B00EBEB73 /* BookManageApp.app */;
			productType = "com.apple.product-type.application";
		};
		1273ECBE26E4F51C00EBEB73 /* BookManageAppTests */ = {
			isa = PBXNativeTarget;
			buildConfigurationList = 1273ECD626E4F51C00EBEB73 /* Build configuration list for PBXNativeTarget "BookManageAppTests" */;
			buildPhases = (
				1273ECBB26E4F51C00EBEB73 /* Sources */,
				1273ECBC26E4F51C00EBEB73 /* Frameworks */,
				1273ECBD26E4F51C00EBEB73 /* Resources */,
			);
			buildRules = (
			);
			dependencies = (
				1273ECC126E4F51C00EBEB73 /* PBXTargetDependency */,
			);
			name = BookManageAppTests;
			productName = BookManageAppTests;
			productReference = 1273ECBF26E4F51C00EBEB73 /* BookManageAppTests.xctest */;
			productType = "com.apple.product-type.bundle.unit-test";
		};
		1273ECC926E4F51C00EBEB73 /* BookManageAppUITests */ = {
			isa = PBXNativeTarget;
			buildConfigurationList = 1273ECD926E4F51C00EBEB73 /* Build configuration list for PBXNativeTarget "BookManageAppUITests" */;
			buildPhases = (
				1273ECC626E4F51C00EBEB73 /* Sources */,
				1273ECC726E4F51C00EBEB73 /* Frameworks */,
				1273ECC826E4F51C00EBEB73 /* Resources */,
			);
			buildRules = (
			);
			dependencies = (
				1273ECCC26E4F51C00EBEB73 /* PBXTargetDependency */,
			);
			name = BookManageAppUITests;
			productName = BookManageAppUITests;
			productReference = 1273ECCA26E4F51C00EBEB73 /* BookManageAppUITests.xctest */;
			productType = "com.apple.product-type.bundle.ui-testing";
		};
/* End PBXNativeTarget section */

/* Begin PBXProject section */
		1273ECA126E4F51B00EBEB73 /* Project object */ = {
			isa = PBXProject;
			attributes = {
				LastSwiftUpdateCheck = 1240;
				LastUpgradeCheck = 1240;
				TargetAttributes = {
					1273ECA826E4F51B00EBEB73 = {
						CreatedOnToolsVersion = 12.4;
					};
					1273ECBE26E4F51C00EBEB73 = {
						CreatedOnToolsVersion = 12.4;
						TestTargetID = 1273ECA826E4F51B00EBEB73;
					};
					1273ECC926E4F51C00EBEB73 = {
						CreatedOnToolsVersion = 12.4;
						TestTargetID = 1273ECA826E4F51B00EBEB73;
					};
				};
			};
			buildConfigurationList = 1273ECA426E4F51B00EBEB73 /* Build configuration list for PBXProject "BookManageApp" */;
			compatibilityVersion = "Xcode 9.3";
			developmentRegion = en;
			hasScannedForEncodings = 0;
			knownRegions = (
				en,
				Base,
			);
			mainGroup = 1273ECA026E4F51B00EBEB73;
			productRefGroup = 1273ECAA26E4F51B00EBEB73 /* Products */;
			projectDirPath = "";
			projectRoot = "";
			targets = (
				1273ECA826E4F51B00EBEB73 /* BookManageApp */,
				1273ECBE26E4F51C00EBEB73 /* BookManageAppTests */,
				1273ECC926E4F51C00EBEB73 /* BookManageAppUITests */,
			);
		};
/* End PBXProject section */

/* Begin PBXResourcesBuildPhase section */
		1273ECA726E4F51B00EBEB73 /* Resources */ = {
			isa = PBXResourcesBuildPhase;
			buildActionMask = 2147483647;
			files = (
				1273ECB926E4F51C00EBEB73 /* LaunchScreen.storyboard in Resources */,
				1273ECB626E4F51C00EBEB73 /* Assets.xcassets in Resources */,
				1273ECB426E4F51B00EBEB73 /* Main.storyboard in Resources */,
			);
			runOnlyForDeploymentPostprocessing = 0;
		};
		1273ECBD26E4F51C00EBEB73 /* Resources */ = {
			isa = PBXResourcesBuildPhase;
			buildActionMask = 2147483647;
			files = (
			);
			runOnlyForDeploymentPostprocessing = 0;
		};
		1273ECC826E4F51C00EBEB73 /* Resources */ = {
			isa = PBXResourcesBuildPhase;
			buildActionMask = 2147483647;
			files = (
			);
			runOnlyForDeploymentPostprocessing = 0;
		};
/* End PBXResourcesBuildPhase section */

/* Begin PBXSourcesBuildPhase section */
		1273ECA526E4F51B00EBEB73 /* Sources */ = {
			isa = PBXSourcesBuildPhase;
			buildActionMask = 2147483647;
			files = (
				1273ECB126E4F51B00EBEB73 /* QRRecognitionViewController.swift in Sources */,
				1273ECAD26E4F51B00EBEB73 /* AppDelegate.swift in Sources */,
				1273ECAF26E4F51B00EBEB73 /* SceneDelegate.swift in Sources */,
			);
			runOnlyForDeploymentPostprocessing = 0;
		};
		1273ECBB26E4F51C00EBEB73 /* Sources */ = {
			isa = PBXSourcesBuildPhase;
			buildActionMask = 2147483647;
			files = (
				1273ECC426E4F51C00EBEB73 /* BookManageAppTests.swift in Sources */,
			);
			runOnlyForDeploymentPostprocessing = 0;
		};
		1273ECC626E4F51C00EBEB73 /* Sources */ = {
			isa = PBXSourcesBuildPhase;
			buildActionMask = 2147483647;
			files = (
				1273ECCF26E4F51C00EBEB73 /* BookManageAppUITests.swift in Sources */,
			);
			runOnlyForDeploymentPostprocessing = 0;
		};
/* End PBXSourcesBuildPhase section */

/* Begin PBXTargetDependency section */
		1273ECC126E4F51C00EBEB73 /* PBXTargetDependency */ = {
			isa = PBXTargetDependency;
			target = 1273ECA826E4F51B00EBEB73 /* BookManageApp */;
			targetProxy = 1273ECC026E4F51C00EBEB73 /* PBXContainerItemProxy */;
		};
		1273ECCC26E4F51C00EBEB73 /* PBXTargetDependency */ = {
			isa = PBXTargetDependency;
			target = 1273ECA826E4F51B00EBEB73 /* BookManageApp */;
			targetProxy = 1273ECCB26E4F51C00EBEB73 /* PBXContainerItemProxy */;
		};
/* End PBXTargetDependency section */

/* Begin PBXVariantGroup section */
		1273ECB226E4F51B00EBEB73 /* Main.storyboard */ = {
			isa = PBXVariantGroup;
			children = (
				1273ECB326E4F51B00EBEB73 /* Base */,
			);
			name = Main.storyboard;
			sourceTree = "<group>";
		};
		1273ECB726E4F51C00EBEB73 /* LaunchScreen.storyboard */ = {
			isa = PBXVariantGroup;
			children = (
				1273ECB826E4F51C00EBEB73 /* Base */,
			);
			name = LaunchScreen.storyboard;
			sourceTree = "<group>";
		};
/* End PBXVariantGroup section */

/* Begin XCBuildConfiguration section */
		1273ECD126E4F51C00EBEB73 /* Debug */ = {
			isa = XCBuildConfiguration;
			buildSettings = {
				ALWAYS_SEARCH_USER_PATHS = NO;
				CLANG_ANALYZER_NONNULL = YES;
				CLANG_ANALYZER_NUMBER_OBJECT_CONVERSION = YES_AGGRESSIVE;
				CLANG_CXX_LANGUAGE_STANDARD = "gnu++14";
				CLANG_CXX_LIBRARY = "libc++";
				CLANG_ENABLE_MODULES = YES;
				CLANG_ENABLE_OBJC_ARC = YES;
				CLANG_ENABLE_OBJC_WEAK = YES;
				CLANG_WARN_BLOCK_CAPTURE_AUTORELEASING = YES;
				CLANG_WARN_BOOL_CONVERSION = YES;
				CLANG_WARN_COMMA = YES;
				CLANG_WARN_CONSTANT_CONVERSION = YES;
				CLANG_WARN_DEPRECATED_OBJC_IMPLEMENTATIONS = YES;
				CLANG_WARN_DIRECT_OBJC_ISA_USAGE = YES_ERROR;
				CLANG_WARN_DOCUMENTATION_COMMENTS = YES;
				CLANG_WARN_EMPTY_BODY = YES;
				CLANG_WARN_ENUM_CONVERSION = YES;
				CLANG_WARN_INFINITE_RECURSION = YES;
				CLANG_WARN_INT_CONVERSION = YES;
				CLANG_WARN_NON_LITERAL_NULL_CONVERSION = YES;
				CLANG_WARN_OBJC_IMPLICIT_RETAIN_SELF = YES;
				CLANG_WARN_OBJC_LITERAL_CONVERSION = YES;
				CLANG_WARN_OBJC_ROOT_CLASS = YES_ERROR;
				CLANG_WARN_QUOTED_INCLUDE_IN_FRAMEWORK_HEADER = YES;
				CLANG_WARN_RANGE_LOOP_ANALYSIS = YES;
				CLANG_WARN_STRICT_PROTOTYPES = YES;
				CLANG_WARN_SUSPICIOUS_MOVE = YES;
				CLANG_WARN_UNGUARDED_AVAILABILITY = YES_AGGRESSIVE;
				CLANG_WARN_UNREACHABLE_CODE = YES;
				CLANG_WARN__DUPLICATE_METHOD_MATCH = YES;
				COPY_PHASE_STRIP = NO;
				DEBUG_INFORMATION_FORMAT = dwarf;
				ENABLE_STRICT_OBJC_MSGSEND = YES;
				ENABLE_TESTABILITY = YES;
				GCC_C_LANGUAGE_STANDARD = gnu11;
				GCC_DYNAMIC_NO_PIC = NO;
				GCC_NO_COMMON_BLOCKS = YES;
				GCC_OPTIMIZATION_LEVEL = 0;
				GCC_PREPROCESSOR_DEFINITIONS = (
					"DEBUG=1",
					"$(inherited)",
				);
				GCC_WARN_64_TO_32_BIT_CONVERSION = YES;
				GCC_WARN_ABOUT_RETURN_TYPE = YES_ERROR;
				GCC_WARN_UNDECLARED_SELECTOR = YES;
				GCC_WARN_UNINITIALIZED_AUTOS = YES_AGGRESSIVE;
				GCC_WARN_UNUSED_FUNCTION = YES;
				GCC_WARN_UNUSED_VARIABLE = YES;
				IPHONEOS_DEPLOYMENT_TARGET = 14.4;
				MTL_ENABLE_DEBUG_INFO = INCLUDE_SOURCE;
				MTL_FAST_MATH = YES;
				ONLY_ACTIVE_ARCH = YES;
				SDKROOT = iphoneos;
				SWIFT_ACTIVE_COMPILATION_CONDITIONS = DEBUG;
				SWIFT_OPTIMIZATION_LEVEL = "-Onone";
			};
			name = Debug;
		};
		1273ECD226E4F51C00EBEB73 /* Release */ = {
			isa = XCBuildConfiguration;
			buildSettings = {
				ALWAYS_SEARCH_USER_PATHS = NO;
				CLANG_ANALYZER_NONNULL = YES;
				CLANG_ANALYZER_NUMBER_OBJECT_CONVERSION = YES_AGGRESSIVE;
				CLANG_CXX_LANGUAGE_STANDARD = "gnu++14";
				CLANG_CXX_LIBRARY = "libc++";
				CLANG_ENABLE_MODULES = YES;
				CLANG_ENABLE_OBJC_ARC = YES;
				CLANG_ENABLE_OBJC_WEAK = YES;
				CLANG_WARN_BLOCK_CAPTURE_AUTORELEASING = YES;
				CLANG_WARN_BOOL_CONVERSION = YES;
				CLANG_WARN_COMMA = YES;
				CLANG_WARN_CONSTANT_CONVERSION = YES;
				CLANG_WARN_DEPRECATED_OBJC_IMPLEMENTATIONS = YES;
				CLANG_WARN_DIRECT_OBJC_ISA_USAGE = YES_ERROR;
				CLANG_WARN_DOCUMENTATION_COMMENTS = YES;
				CLANG_WARN_EMPTY_BODY = YES;
				CLANG_WARN_ENUM_CONVERSION = YES;
				CLANG_WARN_INFINITE_RECURSION = YES;
				CLANG_WARN_INT_CONVERSION = YES;
				CLANG_WARN_NON_LITERAL_NULL_CONVERSION = YES;
				CLANG_WARN_OBJC_IMPLICIT_RETAIN_SELF = YES;
				CLANG_WARN_OBJC_LITERAL_CONVERSION = YES;
				CLANG_WARN_OBJC_ROOT_CLASS = YES_ERROR;
				CLANG_WARN_QUOTED_INCLUDE_IN_FRAMEWORK_HEADER = YES;
				CLANG_WARN_RANGE_LOOP_ANALYSIS = YES;
				CLANG_WARN_STRICT_PROTOTYPES = YES;
				CLANG_WARN_SUSPICIOUS_MOVE = YES;
				CLANG_WARN_UNGUARDED_AVAILABILITY = YES_AGGRESSIVE;
				CLANG_WARN_UNREACHABLE_CODE = YES;
				CLANG_WARN__DUPLICATE_METHOD_MATCH = YES;
				COPY_PHASE_STRIP = NO;
				DEBUG_INFORMATION_FORMAT = "dwarf-with-dsym";
				ENABLE_NS_ASSERTIONS = NO;
				ENABLE_STRICT_OBJC_MSGSEND = YES;
				GCC_C_LANGUAGE_STANDARD = gnu11;
				GCC_NO_COMMON_BLOCKS = YES;
				GCC_WARN_64_TO_32_BIT_CONVERSION = YES;
				GCC_WARN_ABOUT_RETURN_TYPE = YES_ERROR;
				GCC_WARN_UNDECLARED_SELECTOR = YES;
				GCC_WARN_UNINITIALIZED_AUTOS = YES_AGGRESSIVE;
				GCC_WARN_UNUSED_FUNCTION = YES;
				GCC_WARN_UNUSED_VARIABLE = YES;
				IPHONEOS_DEPLOYMENT_TARGET = 14.4;
				MTL_ENABLE_DEBUG_INFO = NO;
				MTL_FAST_MATH = YES;
				SDKROOT = iphoneos;
				SWIFT_COMPILATION_MODE = wholemodule;
				SWIFT_OPTIMIZATION_LEVEL = "-O";
				VALIDATE_PRODUCT = YES;
			};
			name = Release;
		};
		1273ECD426E4F51C00EBEB73 /* Debug */ = {
			isa = XCBuildConfiguration;
			buildSettings = {
				ASSETCATALOG_COMPILER_APPICON_NAME = AppIcon;
				ASSETCATALOG_COMPILER_GLOBAL_ACCENT_COLOR_NAME = AccentColor;
				CODE_SIGN_STYLE = Automatic;
				INFOPLIST_FILE = BookManageApp/Info.plist;
				LD_RUNPATH_SEARCH_PATHS = (
					"$(inherited)",
					"@executable_path/Frameworks",
				);
				PRODUCT_BUNDLE_IDENTIFIER = "Kaito-Arai.BookManageApp";
				PRODUCT_NAME = "$(TARGET_NAME)";
				SWIFT_VERSION = 5.0;
				TARGETED_DEVICE_FAMILY = "1,2";
			};
			name = Debug;
		};
		1273ECD526E4F51C00EBEB73 /* Release */ = {
			isa = XCBuildConfiguration;
			buildSettings = {
				ASSETCATALOG_COMPILER_APPICON_NAME = AppIcon;
				ASSETCATALOG_COMPILER_GLOBAL_ACCENT_COLOR_NAME = AccentColor;
				CODE_SIGN_STYLE = Automatic;
				INFOPLIST_FILE = BookManageApp/Info.plist;
				LD_RUNPATH_SEARCH_PATHS = (
					"$(inherited)",
					"@executable_path/Frameworks",
				);
				PRODUCT_BUNDLE_IDENTIFIER = "Kaito-Arai.BookManageApp";
				PRODUCT_NAME = "$(TARGET_NAME)";
				SWIFT_VERSION = 5.0;
				TARGETED_DEVICE_FAMILY = "1,2";
			};
			name = Release;
		};
		1273ECD726E4F51C00EBEB73 /* Debug */ = {
			isa = XCBuildConfiguration;
			buildSettings = {
				ALWAYS_EMBED_SWIFT_STANDARD_LIBRARIES = YES;
				BUNDLE_LOADER = "$(TEST_HOST)";
				CODE_SIGN_STYLE = Automatic;
				INFOPLIST_FILE = BookManageAppTests/Info.plist;
				IPHONEOS_DEPLOYMENT_TARGET = 14.4;
				LD_RUNPATH_SEARCH_PATHS = (
					"$(inherited)",
					"@executable_path/Frameworks",
					"@loader_path/Frameworks",
				);
				PRODUCT_BUNDLE_IDENTIFIER = "Kaito-Arai.BookManageAppTests";
				PRODUCT_NAME = "$(TARGET_NAME)";
				SWIFT_VERSION = 5.0;
				TARGETED_DEVICE_FAMILY = "1,2";
				TEST_HOST = "$(BUILT_PRODUCTS_DIR)/BookManageApp.app/BookManageApp";
			};
			name = Debug;
		};
		1273ECD826E4F51C00EBEB73 /* Release */ = {
			isa = XCBuildConfiguration;
			buildSettings = {
				ALWAYS_EMBED_SWIFT_STANDARD_LIBRARIES = YES;
				BUNDLE_LOADER = "$(TEST_HOST)";
				CODE_SIGN_STYLE = Automatic;
				INFOPLIST_FILE = BookManageAppTests/Info.plist;
				IPHONEOS_DEPLOYMENT_TARGET = 14.4;
				LD_RUNPATH_SEARCH_PATHS = (
					"$(inherited)",
					"@executable_path/Frameworks",
					"@loader_path/Frameworks",
				);
				PRODUCT_BUNDLE_IDENTIFIER = "Kaito-Arai.BookManageAppTests";
				PRODUCT_NAME = "$(TARGET_NAME)";
				SWIFT_VERSION = 5.0;
				TARGETED_DEVICE_FAMILY = "1,2";
				TEST_HOST = "$(BUILT_PRODUCTS_DIR)/BookManageApp.app/BookManageApp";
			};
			name = Release;
		};
		1273ECDA26E4F51C00EBEB73 /* Debug */ = {
			isa = XCBuildConfiguration;
			buildSettings = {
				ALWAYS_EMBED_SWIFT_STANDARD_LIBRARIES = YES;
				CODE_SIGN_STYLE = Automatic;
				INFOPLIST_FILE = BookManageAppUITests/Info.plist;
				LD_RUNPATH_SEARCH_PATHS = (
					"$(inherited)",
					"@executable_path/Frameworks",
					"@loader_path/Frameworks",
				);
				PRODUCT_BUNDLE_IDENTIFIER = "Kaito-Arai.BookManageAppUITests";
				PRODUCT_NAME = "$(TARGET_NAME)";
				SWIFT_VERSION = 5.0;
				TARGETED_DEVICE_FAMILY = "1,2";
				TEST_TARGET_NAME = BookManageApp;
			};
			name = Debug;
		};
		1273ECDB26E4F51C00EBEB73 /* Release */ = {
			isa = XCBuildConfiguration;
			buildSettings = {
				ALWAYS_EMBED_SWIFT_STANDARD_LIBRARIES = YES;
				CODE_SIGN_STYLE = Automatic;
				INFOPLIST_FILE = BookManageAppUITests/Info.plist;
				LD_RUNPATH_SEARCH_PATHS = (
					"$(inherited)",
					"@executable_path/Frameworks",
					"@loader_path/Frameworks",
				);
				PRODUCT_BUNDLE_IDENTIFIER = "Kaito-Arai.BookManageAppUITests";
				PRODUCT_NAME = "$(TARGET_NAME)";
				SWIFT_VERSION = 5.0;
				TARGETED_DEVICE_FAMILY = "1,2";
				TEST_TARGET_NAME = BookManageApp;
			};
			name = Release;
		};
/* End XCBuildConfiguration section */

/* Begin XCConfigurationList section */
		1273ECA426E4F51B00EBEB73 /* Build configuration list for PBXProject "BookManageApp" */ = {
			isa = XCConfigurationList;
			buildConfigurations = (
				1273ECD126E4F51C00EBEB73 /* Debug */,
				1273ECD226E4F51C00EBEB73 /* Release */,
			);
			defaultConfigurationIsVisible = 0;
			defaultConfigurationName = Release;
		};
		1273ECD326E4F51C00EBEB73 /* Build configuration list for PBXNativeTarget "BookManageApp" */ = {
			isa = XCConfigurationList;
			buildConfigurations = (
				1273ECD426E4F51C00EBEB73 /* Debug */,
				1273ECD526E4F51C00EBEB73 /* Release */,
			);
			defaultConfigurationIsVisible = 0;
			defaultConfigurationName = Release;
		};
		1273ECD626E4F51C00EBEB73 /* Build configuration list for PBXNativeTarget "BookManageAppTests" */ = {
			isa = XCConfigurationList;
			buildConfigurations = (
				1273ECD726E4F51C00EBEB73 /* Debug */,
				1273ECD826E4F51C00EBEB73 /* Release */,
			);
			defaultConfigurationIsVisible = 0;
			defaultConfigurationName = Release;
		};
		1273ECD926E4F51C00EBEB73 /* Build configuration list for PBXNativeTarget "BookManageAppUITests" */ = {
			isa = XCConfigurationList;
			buildConfigurations = (
				1273ECDA26E4F51C00EBEB73 /* Debug */,
				1273ECDB26E4F51C00EBEB73 /* Release */,
			);
			defaultConfigurationIsVisible = 0;
			defaultConfigurationName = Release;
		};
/* End XCConfigurationList section */
	};
	rootObject = 1273ECA126E4F51B00EBEB73 /* Project object */;
}
